{
  "nodes": {
    "amptools-src": {
      "flake": false,
      "locked": {
        "lastModified": 1757608004,
        "narHash": "sha256-aDJpuoojpTqHAF9hkpBQGaARicMZte9Sgkis3AZdksI=",
        "owner": "mashephe",
        "repo": "AmpTools",
        "rev": "300bbd40d8f5a7288fcc853f1c621a358906f2c2",
        "type": "github"
      },
      "original": {
        "owner": "mashephe",
        "ref": "v0.15.4",
        "repo": "AmpTools",
        "type": "github"
      }
    },
    "boost170-src": {
      "flake": false,
      "locked": {
        "lastModified": 1554840156,
        "narHash": "sha256-DvYWMsjlHLjTK1WAOWRy7JUbQ5LdUc7n67NY95SSkME=",
        "type": "tarball",
        "url": "https://archives.boost.io/release/1.70.0/source/boost_1_70_0.tar.bz2"
      },
      "original": {
        "type": "tarball",
        "url": "https://archives.boost.io/release/1.70.0/source/boost_1_70_0.tar.bz2"
      }
    },
    "flake-utils": {
      "inputs": {
        "systems": "systems"
      },
      "locked": {
        "lastModified": 1731533236,
        "narHash": "sha256-l0KFg5HjrsfsO/JpG+r7fRrqm12kzFHyUHqHCVpMMbI=",
        "owner": "numtide",
        "repo": "flake-utils",
        "rev": "11707dc2f618dd54ca8739b309ec4fc024de578b",
        "type": "github"
      },
      "original": {
        "owner": "numtide",
        "repo": "flake-utils",
        "type": "github"
      }
    },
    "minuit2-src": {
      "flake": false,
      "locked": {
        "lastModified": 1777832828,
        "narHash": "sha256-4Dz4nJ1ztYoPI/60nADsZAXPegaLitirTgnKJeupi7I=",
        "ref": "refs/heads/main",
        "rev": "c80c809945b1c5805324adf9f7796501f6d47ef1",
        "revCount": 2,
        "type": "git",
        "url": "ssh://git@github.com/denehoffman/Minuit2.git"
      },
      "original": {
        "type": "git",
        "url": "ssh://git@github.com/denehoffman/Minuit2.git"
      }
    },
    "nixpkgs": {
      "locked": {
        "lastModified": 1735563628,
        "narHash": "sha256-OnSAY7XDSx7CtDoqNh8jwVwh4xNL/2HaJxGjryLWzX8=",
        "owner": "NixOS",
        "repo": "nixpkgs",
        "rev": "b134951a4c9f3c995fd7be05f3243f8ecd65d798",
        "type": "github"
      },
      "original": {
        "owner": "NixOS",
        "ref": "nixos-24.05",
        "repo": "nixpkgs",
        "type": "github"
      }
    },
    "nixpkgs-unstable": {
      "locked": {
        "lastModified": 1783224372,
        "narHash": "sha256-8i/87eeoqiGE4yOTjwSA3Eh/ziJRQEmd/unYU+K27sk=",
        "owner": "NixOS",
        "repo": "nixpkgs",
        "rev": "d407951447dcd00442e97087bf374aad70c04cea",
        "type": "github"
      },
      "original": {
        "owner": "NixOS",
        "ref": "nixos-unstable",
        "repo": "nixpkgs",
        "type": "github"
      }
    },
    "root": {
      "inputs": {
        "amptools-src": "amptools-src",
        "boost170-src": "boost170-src",
        "flake-utils": "flake-utils",
        "minuit2-src": "minuit2-src",
        "nixpkgs": "nixpkgs",
        "nixpkgs-unstable": "nixpkgs-unstable"
      }
    },
    "systems": {
      "locked": {
        "lastModified": 1681028828,
        "narHash": "sha256-Vy1rq5AaRuLzOxct8nz4T6wlgyUR7zLU309k9mBC768=",
        "owner": "nix-systems",
        "repo": "default",
        "rev": "da67096a3b9bf56a91d16901293e51ba5b49a27e",
        "type": "github"
      },
      "original": {
        "owner": "nix-systems",
        "repo": "default",
        "type": "github"
      }
    }
  },
  "root": "root",
  "version": 7
}
